
Microsoft Visual Studio Solution File, Format Version 12.00
# Visual Studio Version 16
VisualStudioVersion = 16.0.29613.14
MinimumVisualStudioVersion = 10.0.40219.1
Project("{FAE04EC0-301F-11D3-BF4B-00C04F79EFBC}") = "MvcTask2", "MvcTask2.csproj", "{C4513695-BEF7-4883-A7A9-5B70E3CD95DE}"
EndProject
Project("{FAE04EC0-301F-11D3-BF4B-00C04F79EFBC}") = "Domain", "..\Domain\Domain.csproj", "{CF2CBD76-EED9-49E5-8D3F-AE3A9A97450E}"
EndProject
Global
	GlobalSection(SolutionConfigurationPlatforms) = preSolution
		Debug|Any CPU = Debug|Any CPU
		Release|Any CPU = Release|Any CPU
	EndGlobalSection
	GlobalSection(ProjectConfigurationPlatforms) = postSolution
		{C4513695-BEF7-4883-A7A9-5B70E3CD95DE}.Debug|Any CPU.ActiveCfg = Debug|Any CPU
		{C4513695-BEF7-4883-A7A9-5B70E3CD95DE}.Debug|Any CPU.Build.0 = Debug|Any CPU
		{C4513695-BEF7-4883-A7A9-5B70E3CD95DE}.Release|Any CPU.ActiveCfg = Release|Any CPU
		{C4513695-BEF7-4883-A7A9-5B70E3CD95DE}.Release|Any CPU.Build.0 = Release|Any CPU
		{CF2CBD76-EED9-49E5-8D3F-AE3A9A97450E}.Debug|Any CPU.ActiveCfg = Debug|Any CPU
		{CF2CBD76-EED9-49E5-8D3F-AE3A9A97450E}.Debug|Any CPU.Build.0 = Debug|Any CPU
		{CF2CBD76-EED9-49E5-8D3F-AE3A9A97450E}.Release|Any CPU.ActiveCfg = Release|Any CPU
		{CF2CBD76-EED9-49E5-8D3F-AE3A9A97450E}.Release|Any CPU.Build.0 = Release|Any CPU
	EndGlobalSection
	GlobalSection(SolutionProperties) = preSolution
		HideSolutionNode = FALSE
	EndGlobalSection
	GlobalSection(ExtensibilityGlobals) = postSolution
		SolutionGuid = {70582E15-AB7C-46F1-B19B-285869ACB4E8}
	EndGlobalSection
EndGlobal
